// !$*UTF8*$!
{
	archiveVersion = 1;
	classes = {
	};
	objectVersion = 46;
	objects = {

/* Begin PBXBuildFile section */
		299DF9321AF65EEF005EED66 /* AppDelegate.swift in Sources */ = {isa = PBXBuildFile; fileRef = 299DF9311AF65EEF005EED66 /* AppDelegate.swift */; };
		299DF9341AF65EEF005EED66 /* ViewController.swift in Sources */ = {isa = PBXBuildFile; fileRef = 299DF9331AF65EEF005EED66 /* ViewController.swift */; };
		299DF9371AF65EEF005EED66 /* Main.storyboard in Resources */ = {isa = PBXBuildFile; fileRef = 299DF9351AF65EEF005EED66 /* Main.storyboard */; };
		299DF9391AF65EEF005EED66 /* Images.xcassets in Resources */ = {isa = PBXBuildFile; fileRef = 299DF9381AF65EEF005EED66 /* Images.xcassets */; };
		299DF93C1AF65EEF005EED66 /* LaunchScreen.xib in Resources */ = {isa = PBXBuildFile; fileRef = 299DF93A1AF65EEF005EED66 /* LaunchScreen.xib */; };
		299DF9481AF65EF0005EED66 /* Example_AppTests.swift in Sources */ = {isa = PBXBuildFile; fileRef = 299DF9471AF65EF0005EED66 /* Example_AppTests.swift */; };
/* End PBXBuildFile section */

/* Begin PBXContainerItemProxy section */
		299DF9421AF65EF0005EED66 /* PBXContainerItemProxy */ = {
			isa = PBXContainerItemProxy;
			containerPortal = 299DF9241AF65EEF005EED66 /* Project object */;
			proxyType = 1;
			remoteGlobalIDString = 299DF92B1AF65EEF005EED66;
			remoteInfo = "Example App";
		};
/* End PBXContainerItemProxy section */

/* Begin PBXFileReference section */
		299DF92C1AF65EEF005EED66 /* Example App.app */ = {isa = PBXFileReference; explicitFileType = wrapper.application; includeInIndex = 0; path = "Example App.app"; sourceTree = BUILT_PRODUCTS_DIR; };
		299DF9301AF65EEF005EED66 /* Info.plist */ = {isa = PBXFileReference; lastKnownFileType = text.plist.xml; path = Info.plist; sourceTree = "<group>"; };
		299DF9311AF65EEF005EED66 /* AppDelegate.swift */ = {isa = PBXFileReference; lastKnownFileType = sourcecode.swift; path = AppDelegate.swift; sourceTree = "<group>"; };
		299DF9331AF65EEF005EED66 /* ViewController.swift */ = {isa = PBXFileReference; lastKnownFileType = sourcecode.swift; path = ViewController.swift; sourceTree = "<group>"; };
		299DF9361AF65EEF005EED66 /* Base */ = {isa = PBXFileReference; lastKnownFileType = file.storyboard; name = Base; path = Base.lproj/Main.storyboard; sourceTree = "<group>"; };
		299DF9381AF65EEF005EED66 /* Images.xcassets */ = {isa = PBXFileReference; lastKnownFileType = folder.assetcatalog; path = Images.xcassets; sourceTree = "<group>"; };
		299DF93B1AF65EEF005EED66 /* Base */ = {isa = PBXFileReference; lastKnownFileType = file.xib; name = Base; path = Base.lproj/LaunchScreen.xib; sourceTree = "<group>"; };
		299DF9411AF65EF0005EED66 /* Example AppTests.xctest */ = {isa = PBXFileReference; explicitFileType = wrapper.cfbundle; includeInIndex = 0; path = "Example AppTests.xctest"; sourceTree = BUILT_PRODUCTS_DIR; };
		299DF9461AF65EF0005EED66 /* Info.plist */ = {isa = PBXFileReference; lastKnownFileType = text.plist.xml; path = Info.plist; sourceTree = "<group>"; };
		299DF9471AF65EF0005EED66 /* Example_AppTests.swift */ = {isa = PBXFileReference; lastKnownFileType = sourcecode.swift; path = Example_AppTests.swift; sourceTree = "<group>"; };
/* End PBXFileReference section */

/* Begin PBXFrameworksBuildPhase section */
		299DF9291AF65EEF005EED66 /* Frameworks */ = {
			isa = PBXFrameworksBuildPhase;
			buildActionMask = 2147483647;
			files = (
			);
			runOnlyForDeploymentPostprocessing = 0;
		};
		299DF93E1AF65EF0005EED66 /* Frameworks */ = {
			isa = PBXFrameworksBuildPhase;
			buildActionMask = 2147483647;
			files = (
			);
			runOnlyForDeploymentPostprocessing = 0;
		};
/* End PBXFrameworksBuildPhase section */

/* Begin PBXGroup section */
		299DF9231AF65EEF005EED66 = {
			isa = PBXGroup;
			children = (
				299DF92E1AF65EEF005EED66 /* Example App */,
				299DF9441AF65EF0005EED66 /* Example AppTests */,
				299DF92D1AF65EEF005EED66 /* Products */,
			);
			sourceTree = "<group>";
		};
		299DF92D1AF65EEF005EED66 /* Products */ = {
			isa = PBXGroup;
			children = (
				299DF92C1AF65EEF005EED66 /* Example App.app */,
				299DF9411AF65EF0005EED66 /* Example AppTests.xctest */,
			);
			name = Products;
			sourceTree = "<group>";
		};
		299DF92E1AF65EEF005EED66 /* Example App */ = {
			isa = PBXGroup;
			children = (
				299DF9311AF65EEF005EED66 /* AppDelegate.swift */,
				299DF9331AF65EEF005EED66 /* ViewController.swift */,
				299DF9351AF65EEF005EED66 /* Main.storyboard */,
				299DF9381AF65EEF005EED66 /* Images.xcassets */,
				299DF93A1AF65EEF005EED66 /* LaunchScreen.xib */,
				299DF92F1AF65EEF005EED66 /* Supporting Files */,
			);
			path = "Example App";
			sourceTree = "<group>";
		};
		299DF92F1AF65EEF005EED66 /* Supporting Files */ = {
			isa = PBXGroup;
			children = (
				299DF9301AF65EEF005EED66 /* Info.plist */,
			);
			name = "Supporting Files";
			sourceTree = "<group>";
		};
		299DF9441AF65EF0005EED66 /* Example AppTests */ = {
			isa = PBXGroup;
			children = (
				299DF9471AF65EF0005EED66 /* Example_AppTests.swift */,
				299DF9451AF65EF0005EED66 /* Supporting Files */,
			);
			path = "Example AppTests";
			sourceTree = "<group>";
		};
		299DF9451AF65EF0005EED66 /* Supporting Files */ = {
			isa = PBXGroup;
			children = (
				299DF9461AF65EF0005EED66 /* Info.plist */,
			);
			name = "Supporting Files";
			sourceTree = "<group>";
		};
/* End PBXGroup section */

/* Begin PBXNativeTarget section */
		299DF92B1AF65EEF005EED66 /* Example App */ = {
			isa = PBXNativeTarget;
			buildConfigurationList = 299DF94B1AF65EF0005EED66 /* Build configuration list for PBXNativeTarget "Example App" */;
			buildPhases = (
				299DF9281AF65EEF005EED66 /* Sources */,
				299DF9291AF65EEF005EED66 /* Frameworks */,
				299DF92A1AF65EEF005EED66 /* Resources */,
			);
			buildRules = (
			);
			dependencies = (
			);
			name = "Example App";
			productName = "Example App";
			productReference = 299DF92C1AF65EEF005EED66 /* Example App.app */;
			productType = "com.apple.product-type.application";
		};
		299DF9401AF65EF0005EED66 /* Example AppTests */ = {
			isa = PBXNativeTarget;
			buildConfigurationList = 299DF94E1AF65EF0005EED66 /* Build configuration list for PBXNativeTarget "Example AppTests" */;
			buildPhases = (
				299DF93D1AF65EF0005EED66 /* Sources */,
				299DF93E1AF65EF0005EED66 /* Frameworks */,
				299DF93F1AF65EF0005EED66 /* Resources */,
			);
			buildRules = (
			);
			dependencies = (
				299DF9431AF65EF0005EED66 /* PBXTargetDependency */,
			);
			name = "Example AppTests";
			productName = "Example AppTests";
			productReference = 299DF9411AF65EF0005EED66 /* Example AppTests.xctest */;
			productType = "com.apple.product-type.bundle.unit-test";
		};
/* End PBXNativeTarget section */

/* Begin PBXProject section */
		299DF9241AF65EEF005EED66 /* Project object */ = {
			isa = PBXProject;
			attributes = {
				LastUpgradeCheck = 0630;
				ORGANIZATIONNAME = TheRenaissanceMan;
				TargetAttributes = {
					299DF92B1AF65EEF005EED66 = {
						CreatedOnToolsVersion = 6.3;
					};
					299DF9401AF65EF0005EED66 = {
						CreatedOnToolsVersion = 6.3;
						TestTargetID = 299DF92B1AF65EEF005EED66;
					};
				};
			};
			buildConfigurationList = 299DF9271AF65EEF005EED66 /* Build configuration list for PBXProject "Example App" */;
			compatibilityVersion = "Xcode 3.2";
			developmentRegion = English;
			hasScannedForEncodings = 0;
			knownRegions = (
				en,
				Base,
			);
			mainGroup = 299DF9231AF65EEF005EED66;
			productRefGroup = 299DF92D1AF65EEF005EED66 /* Products */;
			projectDirPath = "";
			projectRoot = "";
			targets = (
				299DF92B1AF65EEF005EED66 /* Example App */,
				299DF9401AF65EF0005EED66 /* Example AppTests */,
			);
		};
/* End PBXProject section */

/* Begin PBXResourcesBuildPhase section */
		299DF92A1AF65EEF005EED66 /* Resources */ = {
			isa = PBXResourcesBuildPhase;
			buildActionMask = 2147483647;
			files = (
				299DF9371AF65EEF005EED66 /* Main.storyboard in Resources */,
				299DF93C1AF65EEF005EED66 /* LaunchScreen.xib in Resources */,
				299DF9391AF65EEF005EED66 /* Images.xcassets in Resources */,
			);
			runOnlyForDeploymentPostprocessing = 0;
		};
		299DF93F1AF65EF0005EED66 /* Resources */ = {
			isa = PBXResourcesBuildPhase;
			buildActionMask = 2147483647;
			files = (
			);
			runOnlyForDeploymentPostprocessing = 0;
		};
/* End PBXResourcesBuildPhase section */

/* Begin PBXSourcesBuildPhase section */
		299DF9281AF65EEF005EED66 /* Sources */ = {
			isa = PBXSourcesBuildPhase;
			buildActionMask = 2147483647;
			files = (
				299DF9341AF65EEF005EED66 /* ViewController.swift in Sources */,
				299DF9321AF65EEF005EED66 /* AppDelegate.swift in Sources */,
			);
			runOnlyForDeploymentPostprocessing = 0;
		};
		299DF93D1AF65EF0005EED66 /* Sources */ = {
			isa = PBXSourcesBuildPhase;
			buildActionMask = 2147483647;
			files = (
				299DF9481AF65EF0005EED66 /* Example_AppTests.swift in Sources */,
			);
			runOnlyForDeploymentPostprocessing = 0;
		};
/* End PBXSourcesBuildPhase section */

/* Begin PBXTargetDependency section */
		299DF9431AF65EF0005EED66 /* PBXTargetDependency */ = {
			isa = PBXTargetDependency;
			target = 299DF92B1AF65EEF005EED66 /* Example App */;
			targetProxy = 299DF9421AF65EF0005EED66 /* PBXContainerItemProxy */;
		};
/* End PBXTargetDependency section */

/* Begin PBXVariantGroup section */
		299DF9351AF65EEF005EED66 /* Main.storyboard */ = {
			isa = PBXVariantGroup;
			children = (
				299DF9361AF65EEF005EED66 /* Base */,
			);
			name = Main.storyboard;
			sourceTree = "<group>";
		};
		299DF93A1AF65EEF005EED66 /* LaunchScreen.xib */ = {
			isa = PBXVariantGroup;
			children = (
				299DF93B1AF65EEF005EED66 /* Base */,
			);
			name = LaunchScreen.xib;
			sourceTree = "<group>";
		};
/* End PBXVariantGroup section */

/* Begin XCBuildConfiguration section */
		299DF9491AF65EF0005EED66 /* Debug */ = {
			isa = XCBuildConfiguration;
			buildSettings = {
				ALWAYS_SEARCH_USER_PATHS = NO;
				CLANG_CXX_LANGUAGE_STANDARD = "gnu++0x";
				CLANG_CXX_LIBRARY = "libc++";
				CLANG_ENABLE_MODULES = YES;
				CLANG_ENABLE_OBJC_ARC = YES;
				CLANG_WARN_BOOL_CONVERSION = YES;
				CLANG_WARN_CONSTANT_CONVERSION = YES;
				CLANG_WARN_DIRECT_OBJC_ISA_USAGE = YES_ERROR;
				CLANG_WARN_EMPTY_BODY = YES;
				CLANG_WARN_ENUM_CONVERSION = YES;
				CLANG_WARN_INT_CONVERSION = YES;
				CLANG_WARN_OBJC_ROOT_CLASS = YES_ERROR;
				CLANG_WARN_UNREACHABLE_CODE = YES;
				CLANG_WARN__DUPLICATE_METHOD_MATCH = YES;
				"CODE_SIGN_IDENTITY[sdk=iphoneos*]" = "iPhone Developer";
				COPY_PHASE_STRIP = NO;
				DEBUG_INFORMATION_FORMAT = "dwarf-with-dsym";
				ENABLE_STRICT_OBJC_MSGSEND = YES;
				GCC_C_LANGUAGE_STANDARD = gnu99;
				GCC_DYNAMIC_NO_PIC = NO;
				GCC_NO_COMMON_BLOCKS = YES;
				GCC_OPTIMIZATION_LEVEL = 0;
				GCC_PREPROCESSOR_DEFINITIONS = (
					"DEBUG=1",
					"$(inherited)",
				);
				GCC_SYMBOLS_PRIVATE_EXTERN = NO;
				GCC_WARN_64_TO_32_BIT_CONVERSION = YES;
				GCC_WARN_ABOUT_RETURN_TYPE = YES_ERROR;
				GCC_WARN_UNDECLARED_SELECTOR = YES;
				GCC_WARN_UNINITIALIZED_AUTOS = YES_AGGRESSIVE;
				GCC_WARN_UNUSED_FUNCTION = YES;
				GCC_WARN_UNUSED_VARIABLE = YES;
				IPHONEOS_DEPLOYMENT_TARGET = 8.3;
				MTL_ENABLE_DEBUG_INFO = YES;
				ONLY_ACTIVE_ARCH = YES;
				SDKROOT = iphoneos;
				SWIFT_OPTIMIZATION_LEVEL = "-Onone";
			};
			name = Debug;
		};
		299DF94A1AF65EF0005EED66 /* Release */ = {
			isa = XCBuildConfiguration;
			buildSettings = {
				ALWAYS_SEARCH_USER_PATHS = NO;
				CLANG_CXX_LANGUAGE_STANDARD = "gnu++0x";
				CLANG_CXX_LIBRARY = "libc++";
				CLANG_ENABLE_MODULES = YES;
				CLANG_ENABLE_OBJC_ARC = YES;
				CLANG_WARN_BOOL_CONVERSION = YES;
				CLANG_WARN_CONSTANT_CONVERSION = YES;
				CLANG_WARN_DIRECT_OBJC_ISA_USAGE = YES_ERROR;
				CLANG_WARN_EMPTY_BODY = YES;
				CLANG_WARN_ENUM_CONVERSION = YES;
				CLANG_WARN_INT_CONVERSION = YES;
				CLANG_WARN_OBJC_ROOT_CLASS = YES_ERROR;
				CLANG_WARN_UNREACHABLE_CODE = YES;
				CLANG_WARN__DUPLICATE_METHOD_MATCH = YES;
				"CODE_SIGN_IDENTITY[sdk=iphoneos*]" = "iPhone Developer";
				COPY_PHASE_STRIP = NO;
				DEBUG_INFORMATION_FORMAT = "dwarf-with-dsym";
				ENABLE_NS_ASSERTIONS = NO;
				ENABLE_STRICT_OBJC_MSGSEND = YES;
				GCC_C_LANGUAGE_STANDARD = gnu99;
				GCC_NO_COMMON_BLOCKS = YES;
				GCC_WARN_64_TO_32_BIT_CONVERSION = YES;
				GCC_WARN_ABOUT_RETURN_TYPE = YES_ERROR;
				GCC_WARN_UNDECLARED_SELECTOR = YES;
				GCC_WARN_UNINITIALIZED_AUTOS = YES_AGGRESSIVE;
				GCC_WARN_UNUSED_FUNCTION = YES;
				GCC_WARN_UNUSED_VARIABLE = YES;
				IPHONEOS_DEPLOYMENT_TARGET = 8.3;
				MTL_ENABLE_DEBUG_INFO = NO;
				SDKROOT = iphoneos;
				VALIDATE_PRODUCT = YES;
			};
			name = Release;
		};
		299DF94C1AF65EF0005EED66 /* Debug */ = {
			isa = XCBuildConfiguration;
			buildSettings = {
				ASSETCATALOG_COMPILER_APPICON_NAME = AppIcon;
				INFOPLIST_FILE = "Example App/Info.plist";
				LD_RUNPATH_SEARCH_PATHS = "$(inherited) @executable_path/Frameworks";
				PRODUCT_NAME = "$(TARGET_NAME)";
			};
			name = Debug;
		};
		299DF94D1AF65EF0005EED66 /* Release */ = {
			isa = XCBuildConfiguration;
			buildSettings = {
				ASSETCATALOG_COMPILER_APPICON_NAME = AppIcon;
				INFOPLIST_FILE = "Example App/Info.plist";
				LD_RUNPATH_SEARCH_PATHS = "$(inherited) @executable_path/Frameworks";
				PRODUCT_NAME = "$(TARGET_NAME)";
			};
			name = Release;
		};
		299DF94F1AF65EF0005EED66 /* Debug */ = {
			isa = XCBuildConfiguration;
			buildSettings = {
				BUNDLE_LOADER = "$(TEST_HOST)";
				FRAMEWORK_SEARCH_PATHS = (
					"$(SDKROOT)/Developer/Library/Frameworks",
					"$(inherited)",
				);
				GCC_PREPROCESSOR_DEFINITIONS = (
					"DEBUG=1",
					"$(inherited)",
				);
				INFOPLIST_FILE = "Example AppTests/Info.plist";
				LD_RUNPATH_SEARCH_PATHS = "$(inherited) @executable_path/Frameworks @loader_path/Frameworks";
				PRODUCT_NAME = "$(TARGET_NAME)";
				TEST_HOST = "$(BUILT_PRODUCTS_DIR)/Example App.app/Example App";
			};
			name = Debug;
		};
		299DF9501AF65EF0005EED66 /* Release */ = {
			isa = XCBuildConfiguration;
			buildSettings = {
				BUNDLE_LOADER = "$(TEST_HOST)";
				FRAMEWORK_SEARCH_PATHS = (
					"$(SDKROOT)/Developer/Library/Frameworks",
					"$(inherited)",
				);
				INFOPLIST_FILE = "Example AppTests/Info.plist";
				LD_RUNPATH_SEARCH_PATHS = "$(inherited) @executable_path/Frameworks @loader_path/Frameworks";
				PRODUCT_NAME = "$(TARGET_NAME)";
				TEST_HOST = "$(BUILT_PRODUCTS_DIR)/Example App.app/Example App";
			};
			name = Release;
		};
/* End XCBuildConfiguration section */

/* Begin XCConfigurationList section */
		299DF9271AF65EEF005EED66 /* Build configuration list for PBXProject "Example App" */ = {
			isa = XCConfigurationList;
			buildConfigurations = (
				299DF9491AF65EF0005EED66 /* Debug */,
				299DF94A1AF65EF0005EED66 /* Release */,
			);
			defaultConfigurationIsVisible = 0;
			defaultConfigurationName = Release;
		};
		299DF94B1AF65EF0005EED66 /* Build configuration list for PBXNativeTarget "Example App" */ = {
			isa = XCConfigurationList;
			buildConfigurations = (
				299DF94C1AF65EF0005EED66 /* Debug */,
				299DF94D1AF65EF0005EED66 /* Release */,
			);
			defaultConfigurationIsVisible = 0;
		};
		299DF94E1AF65EF0005EED66 /* Build configuration list for PBXNativeTarget "Example AppTests" */ = {
			isa = XCConfigurationList;
			buildConfigurations = (
				299DF94F1AF65EF0005EED66 /* Debug */,
				299DF9501AF65EF0005EED66 /* Release */,
			);
			defaultConfigurationIsVisible = 0;
		};
/* End XCConfigurationList section */
	};
	rootObject = 299DF9241AF65EEF005EED66 /* Project object */;
}
